
Microsoft Visual Studio Solution File, Format Version 12.00
# Visual Studio Version 16
VisualStudioVersion = 16.0.31605.320
MinimumVisualStudioVersion = 10.0.40219.1
Project("{FAE04EC0-301F-11D3-BF4B-00C04F79EFBC}") = "Almoxarifado", "Almoxarifado\Almoxarifado.csproj", "{40566075-3A9E-4D6C-B217-68C371F07227}"
EndProject
Global
	GlobalSection(SolutionConfigurationPlatforms) = preSolution
		Debug|Any CPU = Debug|Any CPU
		Release|Any CPU = Release|Any CPU
	EndGlobalSection
	GlobalSection(ProjectConfigurationPlatforms) = postSolution
		{40566075-3A9E-4D6C-B217-68C371F07227}.Debug|Any CPU.ActiveCfg = Debug|Any CPU
		{40566075-3A9E-4D6C-B217-68C371F07227}.Debug|Any CPU.Build.0 = Debug|Any CPU
		{40566075-3A9E-4D6C-B217-68C371F07227}.Release|Any CPU.ActiveCfg = Release|Any CPU
		{40566075-3A9E-4D6C-B217-68C371F07227}.Release|Any CPU.Build.0 = Release|Any CPU
	EndGlobalSection
	GlobalSection(SolutionProperties) = preSolution
		HideSolutionNode = FALSE
	EndGlobalSection
	GlobalSection(ExtensibilityGlobals) = postSolution
		SolutionGuid = {31896E48-C61A-408D-BC85-B3F87A5265C6}
	EndGlobalSection
EndGlobal
